// !$*UTF8*$!
{
	archiveVersion = 1;
	classes = {
	};
	objectVersion = 48;
	objects = {

/* Begin PBXBuildFile section */
		16AE97BD9DB6CD5884541EB8 /* Pods_TermidorApp.framework in Frameworks */ = {isa = PBXBuildFile; fileRef = 77D06192E5AC59D6CCC06FE7 /* Pods_TermidorApp.framework */; };
		AF05E25B1FF56956003F78A4 /* WorkOrderList.swift in Sources */ = {isa = PBXBuildFile; fileRef = AF05E25A1FF56956003F78A4 /* WorkOrderList.swift */; };
		AF05E25F1FF836BF003F78A4 /* File.swift in Sources */ = {isa = PBXBuildFile; fileRef = AF05E25E1FF836BF003F78A4 /* File.swift */; };
		AF062F351FE8353C00CAFA63 /* WorkOrder+CoreDataClass.swift in Sources */ = {isa = PBXBuildFile; fileRef = AF062F331FE8353C00CAFA63 /* WorkOrder+CoreDataClass.swift */; };
		AF062F361FE8353C00CAFA63 /* WorkOrder+CoreDataProperties.swift in Sources */ = {isa = PBXBuildFile; fileRef = AF062F341FE8353C00CAFA63 /* WorkOrder+CoreDataProperties.swift */; };
		AF480C2D1FF3F0E1002984CE /* WorkOrderDetail.swift in Sources */ = {isa = PBXBuildFile; fileRef = AF480C2C1FF3F0E1002984CE /* WorkOrderDetail.swift */; };
		AF480C2F1FF40E43002984CE /* WorkOrderBrief.swift in Sources */ = {isa = PBXBuildFile; fileRef = AF480C2E1FF40E43002984CE /* WorkOrderBrief.swift */; };
		AF480C311FF560BB002984CE /* WorkOrderTableViewCell.swift in Sources */ = {isa = PBXBuildFile; fileRef = AF480C301FF560BB002984CE /* WorkOrderTableViewCell.swift */; };
		AF4A5C5E1FD9C25300204285 /* InjectionStation.swift in Sources */ = {isa = PBXBuildFile; fileRef = AF4A5C5D1FD9C25300204285 /* InjectionStation.swift */; };
		AF4A5C601FD9C28900204285 /* TermicideType.swift in Sources */ = {isa = PBXBuildFile; fileRef = AF4A5C5F1FD9C28900204285 /* TermicideType.swift */; };
		AF5E361B1FFFECCB0041A296 /* WorkOrderDetailTableViewCell.swift in Sources */ = {isa = PBXBuildFile; fileRef = AF5E361A1FFFECCB0041A296 /* WorkOrderDetailTableViewCell.swift */; };
		AF699A3E1FE8551300983DB6 /* SWRevealViewController.m in Sources */ = {isa = PBXBuildFile; fileRef = AF699A3C1FE8551300983DB6 /* SWRevealViewController.m */; };
		AF699A421FE94D2E00983DB6 /* GradientView.swift in Sources */ = {isa = PBXBuildFile; fileRef = AF699A411FE94D2E00983DB6 /* GradientView.swift */; };
		AF699A441FE9669B00983DB6 /* SupportViewController.swift in Sources */ = {isa = PBXBuildFile; fileRef = AF699A431FE9669B00983DB6 /* SupportViewController.swift */; };
		AF699A461FE966E500983DB6 /* SettingsViewController.swift in Sources */ = {isa = PBXBuildFile; fileRef = AF699A451FE966E500983DB6 /* SettingsViewController.swift */; };
		AF699A481FE9670600983DB6 /* TrainingViewController.swift in Sources */ = {isa = PBXBuildFile; fileRef = AF699A471FE9670600983DB6 /* TrainingViewController.swift */; };
		AF74D5C31FDEC75F0076C259 /* InsertTextField.swift in Sources */ = {isa = PBXBuildFile; fileRef = AF74D5C21FDEC75F0076C259 /* InsertTextField.swift */; };
		AF74D5C81FE013AF0076C259 /* DisclaimerViewController.swift in Sources */ = {isa = PBXBuildFile; fileRef = AF74D5C71FE013AF0076C259 /* DisclaimerViewController.swift */; };
		AF8194F51FE99D0D007786B6 /* OptionTableViewController.swift in Sources */ = {isa = PBXBuildFile; fileRef = AF8194F41FE99D0D007786B6 /* OptionTableViewController.swift */; };
		AF8194F71FEAA2BA007786B6 /* BaseOptionViewController.swift in Sources */ = {isa = PBXBuildFile; fileRef = AF8194F61FEAA2BA007786B6 /* BaseOptionViewController.swift */; };
		AFADB1DE1FE2CD0800FB43B3 /* HomeViewController.swift in Sources */ = {isa = PBXBuildFile; fileRef = AFADB1DD1FE2CD0800FB43B3 /* HomeViewController.swift */; };
		AFB9C3F91FFC1D52000A8DA5 /* Button.swift in Sources */ = {isa = PBXBuildFile; fileRef = AFB9C3F81FFC1D52000A8DA5 /* Button.swift */; };
		AFB9C3FB1FFC20AB000A8DA5 /* WorkOrderDetailViewController.swift in Sources */ = {isa = PBXBuildFile; fileRef = AFB9C3FA1FFC20AB000A8DA5 /* WorkOrderDetailViewController.swift */; };
		AFBD5F881FE8283200DB1CA9 /* WorkOrderObject.swift in Sources */ = {isa = PBXBuildFile; fileRef = AFBD5F871FE8283200DB1CA9 /* WorkOrderObject.swift */; };
		AFCA47261FD8782400AED17C /* AppDelegate.swift in Sources */ = {isa = PBXBuildFile; fileRef = AFCA47251FD8782400AED17C /* AppDelegate.swift */; };
		AFCA47281FD8782400AED17C /* LoginViewController.swift in Sources */ = {isa = PBXBuildFile; fileRef = AFCA47271FD8782400AED17C /* LoginViewController.swift */; };
		AFCA472B1FD8782400AED17C /* Main.storyboard in Resources */ = {isa = PBXBuildFile; fileRef = AFCA47291FD8782400AED17C /* Main.storyboard */; };
		AFCA472E1FD8782400AED17C /* TermidorApp.xcdatamodeld in Sources */ = {isa = PBXBuildFile; fileRef = AFCA472C1FD8782400AED17C /* TermidorApp.xcdatamodeld */; };
		AFCA47301FD8782400AED17C /* Assets.xcassets in Resources */ = {isa = PBXBuildFile; fileRef = AFCA472F1FD8782400AED17C /* Assets.xcassets */; };
		AFCA47331FD8782400AED17C /* LaunchScreen.storyboard in Resources */ = {isa = PBXBuildFile; fileRef = AFCA47311FD8782400AED17C /* LaunchScreen.storyboard */; };
		AFCA47401FD87ABC00AED17C /* TermicideType+CoreDataClass.swift in Sources */ = {isa = PBXBuildFile; fileRef = AFCA473A1FD87ABC00AED17C /* TermicideType+CoreDataClass.swift */; };
		AFCA47411FD87ABC00AED17C /* TermicideType+CoreDataProperties.swift in Sources */ = {isa = PBXBuildFile; fileRef = AFCA473B1FD87ABC00AED17C /* TermicideType+CoreDataProperties.swift */; };
		AFCA47421FD87ABC00AED17C /* InjectionStation+CoreDataClass.swift in Sources */ = {isa = PBXBuildFile; fileRef = AFCA473C1FD87ABC00AED17C /* InjectionStation+CoreDataClass.swift */; };
		AFCA47431FD87ABC00AED17C /* InjectionStation+CoreDataProperties.swift in Sources */ = {isa = PBXBuildFile; fileRef = AFCA473D1FD87ABC00AED17C /* InjectionStation+CoreDataProperties.swift */; };
		AFCA47441FD87ABC00AED17C /* UserData+CoreDataClass.swift in Sources */ = {isa = PBXBuildFile; fileRef = AFCA473E1FD87ABC00AED17C /* UserData+CoreDataClass.swift */; };
		AFCA47451FD87ABC00AED17C /* UserData+CoreDataProperties.swift in Sources */ = {isa = PBXBuildFile; fileRef = AFCA473F1FD87ABC00AED17C /* UserData+CoreDataProperties.swift */; };
		AFCA47491FD87B1F00AED17C /* User.swift in Sources */ = {isa = PBXBuildFile; fileRef = AFCA47481FD87B1F00AED17C /* User.swift */; };
		AFDD01FD20037627004A3556 /* AnotherWorderDetailTableViewCell.swift in Sources */ = {isa = PBXBuildFile; fileRef = AFDD01FC20037627004A3556 /* AnotherWorderDetailTableViewCell.swift */; };
		AFDD01FF200376A9004A3556 /* WorkOrderDetailHoldAndCompTableViewController.swift in Sources */ = {isa = PBXBuildFile; fileRef = AFDD01FE200376A9004A3556 /* WorkOrderDetailHoldAndCompTableViewController.swift */; };
		AFDD02012003D3D0004A3556 /* WorkDetailScreenTableViewController.swift in Sources */ = {isa = PBXBuildFile; fileRef = AFDD02002003D3D0004A3556 /* WorkDetailScreenTableViewController.swift */; };
		AFDD02032003D3EA004A3556 /* WorkDetailHoldAndCompleteTableViewController.swift in Sources */ = {isa = PBXBuildFile; fileRef = AFDD02022003D3EA004A3556 /* WorkDetailHoldAndCompleteTableViewController.swift */; };
		AFDD02052003D463004A3556 /* WorkDetailTableViewCell.swift in Sources */ = {isa = PBXBuildFile; fileRef = AFDD02042003D463004A3556 /* WorkDetailTableViewCell.swift */; };
		AFDD02072003D48C004A3556 /* WorkDetailHoldAndCompleteTableViewCell.swift in Sources */ = {isa = PBXBuildFile; fileRef = AFDD02062003D48C004A3556 /* WorkDetailHoldAndCompleteTableViewCell.swift */; };
		AFDD020920051DE7004A3556 /* ScannableCellTableViewCell.swift in Sources */ = {isa = PBXBuildFile; fileRef = AFDD020820051DE7004A3556 /* ScannableCellTableViewCell.swift */; };
		AFE205EE1FFFDBAB00959D68 /* WorkOrderDetail1ViewController.swift in Sources */ = {isa = PBXBuildFile; fileRef = AFE205ED1FFFDBAB00959D68 /* WorkOrderDetail1ViewController.swift */; };
		AFE205F01FFFE60100959D68 /* WorkOrderDetailTableViewController.swift in Sources */ = {isa = PBXBuildFile; fileRef = AFE205EF1FFFE60000959D68 /* WorkOrderDetailTableViewController.swift */; };
		AFF940791FD87C3000E78E4A /* BASF_Service.swift in Sources */ = {isa = PBXBuildFile; fileRef = AFF940781FD87C3000E78E4A /* BASF_Service.swift */; };
		AFF9407B1FD87C6F00E78E4A /* Url.swift in Sources */ = {isa = PBXBuildFile; fileRef = AFF9407A1FD87C6F00E78E4A /* Url.swift */; };
		AFF9407D1FD87CA100E78E4A /* Base1.swift in Sources */ = {isa = PBXBuildFile; fileRef = AFF9407C1FD87CA100E78E4A /* Base1.swift */; };
		AFF9407F1FD87CED00E78E4A /* CoreDataStack.swift in Sources */ = {isa = PBXBuildFile; fileRef = AFF9407E1FD87CED00E78E4A /* CoreDataStack.swift */; };
/* End PBXBuildFile section */

/* Begin PBXFileReference section */
		77D06192E5AC59D6CCC06FE7 /* Pods_TermidorApp.framework */ = {isa = PBXFileReference; explicitFileType = wrapper.framework; includeInIndex = 0; path = Pods_TermidorApp.framework; sourceTree = BUILT_PRODUCTS_DIR; };
		93FD82FFC3F5B607C40D9E60 /* Pods-TermidorApp.debug.xcconfig */ = {isa = PBXFileReference; includeInIndex = 1; lastKnownFileType = text.xcconfig; name = "Pods-TermidorApp.debug.xcconfig"; path = "Pods/Target Support Files/Pods-TermidorApp/Pods-TermidorApp.debug.xcconfig"; sourceTree = "<group>"; };
		AF05E25A1FF56956003F78A4 /* WorkOrderList.swift */ = {isa = PBXFileReference; lastKnownFileType = sourcecode.swift; path = WorkOrderList.swift; sourceTree = "<group>"; };
		AF05E25E1FF836BF003F78A4 /* File.swift */ = {isa = PBXFileReference; lastKnownFileType = sourcecode.swift; path = File.swift; sourceTree = "<group>"; };
		AF062F331FE8353C00CAFA63 /* WorkOrder+CoreDataClass.swift */ = {isa = PBXFileReference; lastKnownFileType = sourcecode.swift; path = "WorkOrder+CoreDataClass.swift"; sourceTree = "<group>"; };
		AF062F341FE8353C00CAFA63 /* WorkOrder+CoreDataProperties.swift */ = {isa = PBXFileReference; lastKnownFileType = sourcecode.swift; path = "WorkOrder+CoreDataProperties.swift"; sourceTree = "<group>"; };
		AF480C2C1FF3F0E1002984CE /* WorkOrderDetail.swift */ = {isa = PBXFileReference; lastKnownFileType = sourcecode.swift; path = WorkOrderDetail.swift; sourceTree = "<group>"; };
		AF480C2E1FF40E43002984CE /* WorkOrderBrief.swift */ = {isa = PBXFileReference; lastKnownFileType = sourcecode.swift; path = WorkOrderBrief.swift; sourceTree = "<group>"; };
		AF480C301FF560BB002984CE /* WorkOrderTableViewCell.swift */ = {isa = PBXFileReference; lastKnownFileType = sourcecode.swift; path = WorkOrderTableViewCell.swift; sourceTree = "<group>"; };
		AF4A5C5D1FD9C25300204285 /* InjectionStation.swift */ = {isa = PBXFileReference; lastKnownFileType = sourcecode.swift; path = InjectionStation.swift; sourceTree = "<group>"; };
		AF4A5C5F1FD9C28900204285 /* TermicideType.swift */ = {isa = PBXFileReference; lastKnownFileType = sourcecode.swift; path = TermicideType.swift; sourceTree = "<group>"; };
		AF5E361A1FFFECCB0041A296 /* WorkOrderDetailTableViewCell.swift */ = {isa = PBXFileReference; lastKnownFileType = sourcecode.swift; path = WorkOrderDetailTableViewCell.swift; sourceTree = "<group>"; };
		AF699A3B1FE8551200983DB6 /* TermidorApp-Bridging-Header.h */ = {isa = PBXFileReference; lastKnownFileType = sourcecode.c.h; path = "TermidorApp-Bridging-Header.h"; sourceTree = "<group>"; };
		AF699A3C1FE8551300983DB6 /* SWRevealViewController.m */ = {isa = PBXFileReference; fileEncoding = 4; lastKnownFileType = sourcecode.c.objc; name = SWRevealViewController.m; path = "../../../../Downloads/SWRevealViewController-master/SWRevealViewController/SWRevealViewController.m"; sourceTree = "<group>"; };
		AF699A3D1FE8551300983DB6 /* SWRevealViewController.h */ = {isa = PBXFileReference; fileEncoding = 4; lastKnownFileType = sourcecode.c.h; name = SWRevealViewController.h; path = "../../../../Downloads/SWRevealViewController-master/SWRevealViewController/SWRevealViewController.h"; sourceTree = "<group>"; };
		AF699A411FE94D2E00983DB6 /* GradientView.swift */ = {isa = PBXFileReference; fileEncoding = 4; lastKnownFileType = sourcecode.swift; path = GradientView.swift; sourceTree = "<group>"; };
		AF699A431FE9669B00983DB6 /* SupportViewController.swift */ = {isa = PBXFileReference; lastKnownFileType = sourcecode.swift; path = SupportViewController.swift; sourceTree = "<group>"; };
		AF699A451FE966E500983DB6 /* SettingsViewController.swift */ = {isa = PBXFileReference; lastKnownFileType = sourcecode.swift; path = SettingsViewController.swift; sourceTree = "<group>"; };
		AF699A471FE9670600983DB6 /* TrainingViewController.swift */ = {isa = PBXFileReference; lastKnownFileType = sourcecode.swift; path = TrainingViewController.swift; sourceTree = "<group>"; };
		AF74D5C21FDEC75F0076C259 /* InsertTextField.swift */ = {isa = PBXFileReference; lastKnownFileType = sourcecode.swift; path = InsertTextField.swift; sourceTree = "<group>"; };
		AF74D5C71FE013AF0076C259 /* DisclaimerViewController.swift */ = {isa = PBXFileReference; lastKnownFileType = sourcecode.swift; path = DisclaimerViewController.swift; sourceTree = "<group>"; };
		AF8194F41FE99D0D007786B6 /* OptionTableViewController.swift */ = {isa = PBXFileReference; lastKnownFileType = sourcecode.swift; path = OptionTableViewController.swift; sourceTree = "<group>"; };
		AF8194F61FEAA2BA007786B6 /* BaseOptionViewController.swift */ = {isa = PBXFileReference; lastKnownFileType = sourcecode.swift; path = BaseOptionViewController.swift; sourceTree = "<group>"; };
		AFADB1DD1FE2CD0800FB43B3 /* HomeViewController.swift */ = {isa = PBXFileReference; lastKnownFileType = sourcecode.swift; path = HomeViewController.swift; sourceTree = "<group>"; };
		AFB9C3F81FFC1D52000A8DA5 /* Button.swift */ = {isa = PBXFileReference; lastKnownFileType = sourcecode.swift; path = Button.swift; sourceTree = "<group>"; };
		AFB9C3FA1FFC20AB000A8DA5 /* WorkOrderDetailViewController.swift */ = {isa = PBXFileReference; lastKnownFileType = sourcecode.swift; path = WorkOrderDetailViewController.swift; sourceTree = "<group>"; };
		AFBD5F871FE8283200DB1CA9 /* WorkOrderObject.swift */ = {isa = PBXFileReference; lastKnownFileType = sourcecode.swift; path = WorkOrderObject.swift; sourceTree = "<group>"; };
		AFCA47221FD8782400AED17C /* TermidorApp.app */ = {isa = PBXFileReference; explicitFileType = wrapper.application; includeInIndex = 0; path = TermidorApp.app; sourceTree = BUILT_PRODUCTS_DIR; };
		AFCA47251FD8782400AED17C /* AppDelegate.swift */ = {isa = PBXFileReference; lastKnownFileType = sourcecode.swift; path = AppDelegate.swift; sourceTree = "<group>"; };
		AFCA47271FD8782400AED17C /* LoginViewController.swift */ = {isa = PBXFileReference; lastKnownFileType = sourcecode.swift; path = LoginViewController.swift; sourceTree = "<group>"; };
		AFCA472A1FD8782400AED17C /* Base */ = {isa = PBXFileReference; lastKnownFileType = file.storyboard; name = Base; path = Base.lproj/Main.storyboard; sourceTree = "<group>"; };
		AFCA472D1FD8782400AED17C /* TermidorApp.xcdatamodel */ = {isa = PBXFileReference; lastKnownFileType = wrapper.xcdatamodel; path = TermidorApp.xcdatamodel; sourceTree = "<group>"; };
		AFCA472F1FD8782400AED17C /* Assets.xcassets */ = {isa = PBXFileReference; lastKnownFileType = folder.assetcatalog; path = Assets.xcassets; sourceTree = "<group>"; };
		AFCA47321FD8782400AED17C /* Base */ = {isa = PBXFileReference; lastKnownFileType = file.storyboard; name = Base; path = Base.lproj/LaunchScreen.storyboard; sourceTree = "<group>"; };
		AFCA47341FD8782400AED17C /* Info.plist */ = {isa = PBXFileReference; lastKnownFileType = text.plist.xml; path = Info.plist; sourceTree = "<group>"; };
		AFCA473A1FD87ABC00AED17C /* TermicideType+CoreDataClass.swift */ = {isa = PBXFileReference; lastKnownFileType = sourcecode.swift; path = "TermicideType+CoreDataClass.swift"; sourceTree = "<group>"; };
		AFCA473B1FD87ABC00AED17C /* TermicideType+CoreDataProperties.swift */ = {isa = PBXFileReference; lastKnownFileType = sourcecode.swift; path = "TermicideType+CoreDataProperties.swift"; sourceTree = "<group>"; };
		AFCA473C1FD87ABC00AED17C /* InjectionStation+CoreDataClass.swift */ = {isa = PBXFileReference; lastKnownFileType = sourcecode.swift; path = "InjectionStation+CoreDataClass.swift"; sourceTree = "<group>"; };
		AFCA473D1FD87ABC00AED17C /* InjectionStation+CoreDataProperties.swift */ = {isa = PBXFileReference; lastKnownFileType = sourcecode.swift; path = "InjectionStation+CoreDataProperties.swift"; sourceTree = "<group>"; };
		AFCA473E1FD87ABC00AED17C /* UserData+CoreDataClass.swift */ = {isa = PBXFileReference; lastKnownFileType = sourcecode.swift; path = "UserData+CoreDataClass.swift"; sourceTree = "<group>"; };
		AFCA473F1FD87ABC00AED17C /* UserData+CoreDataProperties.swift */ = {isa = PBXFileReference; lastKnownFileType = sourcecode.swift; path = "UserData+CoreDataProperties.swift"; sourceTree = "<group>"; };
		AFCA47481FD87B1F00AED17C /* User.swift */ = {isa = PBXFileReference; lastKnownFileType = sourcecode.swift; path = User.swift; sourceTree = "<group>"; };
		AFDD01FC20037627004A3556 /* AnotherWorderDetailTableViewCell.swift */ = {isa = PBXFileReference; lastKnownFileType = sourcecode.swift; path = AnotherWorderDetailTableViewCell.swift; sourceTree = "<group>"; };
		AFDD01FE200376A9004A3556 /* WorkOrderDetailHoldAndCompTableViewController.swift */ = {isa = PBXFileReference; lastKnownFileType = sourcecode.swift; path = WorkOrderDetailHoldAndCompTableViewController.swift; sourceTree = "<group>"; };
		AFDD02002003D3D0004A3556 /* WorkDetailScreenTableViewController.swift */ = {isa = PBXFileReference; lastKnownFileType = sourcecode.swift; path = WorkDetailScreenTableViewController.swift; sourceTree = "<group>"; };
		AFDD02022003D3EA004A3556 /* WorkDetailHoldAndCompleteTableViewController.swift */ = {isa = PBXFileReference; lastKnownFileType = sourcecode.swift; path = WorkDetailHoldAndCompleteTableViewController.swift; sourceTree = "<group>"; };
		AFDD02042003D463004A3556 /* WorkDetailTableViewCell.swift */ = {isa = PBXFileReference; lastKnownFileType = sourcecode.swift; path = WorkDetailTableViewCell.swift; sourceTree = "<group>"; };
		AFDD02062003D48C004A3556 /* WorkDetailHoldAndCompleteTableViewCell.swift */ = {isa = PBXFileReference; lastKnownFileType = sourcecode.swift; path = WorkDetailHoldAndCompleteTableViewCell.swift; sourceTree = "<group>"; };
		AFDD020820051DE7004A3556 /* ScannableCellTableViewCell.swift */ = {isa = PBXFileReference; lastKnownFileType = sourcecode.swift; path = ScannableCellTableViewCell.swift; sourceTree = "<group>"; };
		AFE205ED1FFFDBAB00959D68 /* WorkOrderDetail1ViewController.swift */ = {isa = PBXFileReference; lastKnownFileType = sourcecode.swift; path = WorkOrderDetail1ViewController.swift; sourceTree = "<group>"; };
		AFE205EF1FFFE60000959D68 /* WorkOrderDetailTableViewController.swift */ = {isa = PBXFileReference; lastKnownFileType = sourcecode.swift; path = WorkOrderDetailTableViewController.swift; sourceTree = "<group>"; };
		AFF940781FD87C3000E78E4A /* BASF_Service.swift */ = {isa = PBXFileReference; lastKnownFileType = sourcecode.swift; path = BASF_Service.swift; sourceTree = "<group>"; };
		AFF9407A1FD87C6F00E78E4A /* Url.swift */ = {isa = PBXFileReference; lastKnownFileType = sourcecode.swift; path = Url.swift; sourceTree = "<group>"; };
		AFF9407C1FD87CA100E78E4A /* Base1.swift */ = {isa = PBXFileReference; lastKnownFileType = sourcecode.swift; path = Base1.swift; sourceTree = "<group>"; };
		AFF9407E1FD87CED00E78E4A /* CoreDataStack.swift */ = {isa = PBXFileReference; lastKnownFileType = sourcecode.swift; path = CoreDataStack.swift; sourceTree = "<group>"; };
		DA60B18722B0066456CE6271 /* Pods-TermidorApp.release.xcconfig */ = {isa = PBXFileReference; includeInIndex = 1; lastKnownFileType = text.xcconfig; name = "Pods-TermidorApp.release.xcconfig"; path = "Pods/Target Support Files/Pods-TermidorApp/Pods-TermidorApp.release.xcconfig"; sourceTree = "<group>"; };
/* End PBXFileReference section */

/* Begin PBXFrameworksBuildPhase section */
		AFCA471F1FD8782400AED17C /* Frameworks */ = {
			isa = PBXFrameworksBuildPhase;
			buildActionMask = 2147483647;
			files = (
				16AE97BD9DB6CD5884541EB8 /* Pods_TermidorApp.framework in Frameworks */,
			);
			runOnlyForDeploymentPostprocessing = 0;
		};
/* End PBXFrameworksBuildPhase section */

/* Begin PBXGroup section */
		581365EB37BFC02BE9885EF5 /* Frameworks */ = {
			isa = PBXGroup;
			children = (
				77D06192E5AC59D6CCC06FE7 /* Pods_TermidorApp.framework */,
			);
			name = Frameworks;
			sourceTree = "<group>";
		};
		AF699A3A1FE854F100983DB6 /* SupportingFiles */ = {
			isa = PBXGroup;
			children = (
				AF699A3D1FE8551300983DB6 /* SWRevealViewController.h */,
				AF699A3C1FE8551300983DB6 /* SWRevealViewController.m */,
				AF699A3B1FE8551200983DB6 /* TermidorApp-Bridging-Header.h */,
			);
			path = SupportingFiles;
			sourceTree = "<group>";
		};
		AF74D5C11FDEC72C0076C259 /* View */ = {
			isa = PBXGroup;
			children = (
				AF74D5C21FDEC75F0076C259 /* InsertTextField.swift */,
				AF699A411FE94D2E00983DB6 /* GradientView.swift */,
				AFB9C3F81FFC1D52000A8DA5 /* Button.swift */,
			);
			path = View;
			sourceTree = "<group>";
		};
		AFCA47191FD8782400AED17C = {
			isa = PBXGroup;
			children = (
				AFCA47241FD8782400AED17C /* TermidorApp */,
				AFCA47231FD8782400AED17C /* Products */,
				CCAB51600C1643D22CABBC60 /* Pods */,
				581365EB37BFC02BE9885EF5 /* Frameworks */,
			);
			sourceTree = "<group>";
		};
		AFCA47231FD8782400AED17C /* Products */ = {
			isa = PBXGroup;
			children = (
				AFCA47221FD8782400AED17C /* TermidorApp.app */,
			);
			name = Products;
			sourceTree = "<group>";
		};
		AFCA47241FD8782400AED17C /* TermidorApp */ = {
			isa = PBXGroup;
			children = (
				AF699A3A1FE854F100983DB6 /* SupportingFiles */,
				AF74D5C11FDEC72C0076C259 /* View */,
				AFF940841FD880E900E78E4A /* Controllers */,
				AFF940831FD880C800E78E4A /* Objects */,
				AFF940801FD8809700E78E4A /* DATA */,
				AFCA47251FD8782400AED17C /* AppDelegate.swift */,
				AFCA47291FD8782400AED17C /* Main.storyboard */,
				AFCA472F1FD8782400AED17C /* Assets.xcassets */,
				AFCA47311FD8782400AED17C /* LaunchScreen.storyboard */,
				AFCA47341FD8782400AED17C /* Info.plist */,
				AFCA472C1FD8782400AED17C /* TermidorApp.xcdatamodeld */,
			);
			path = TermidorApp;
			sourceTree = "<group>";
		};
		AFF940801FD8809700E78E4A /* DATA */ = {
			isa = PBXGroup;
			children = (
				AFF9407A1FD87C6F00E78E4A /* Url.swift */,
				AFF940781FD87C3000E78E4A /* BASF_Service.swift */,
				AFF9407E1FD87CED00E78E4A /* CoreDataStack.swift */,
				AF062F331FE8353C00CAFA63 /* WorkOrder+CoreDataClass.swift */,
				AF062F341FE8353C00CAFA63 /* WorkOrder+CoreDataProperties.swift */,
				AFCA473A1FD87ABC00AED17C /* TermicideType+CoreDataClass.swift */,
				AFCA473B1FD87ABC00AED17C /* TermicideType+CoreDataProperties.swift */,
				AFCA473C1FD87ABC00AED17C /* InjectionStation+CoreDataClass.swift */,
				AFCA473D1FD87ABC00AED17C /* InjectionStation+CoreDataProperties.swift */,
				AFCA473E1FD87ABC00AED17C /* UserData+CoreDataClass.swift */,
				AFCA473F1FD87ABC00AED17C /* UserData+CoreDataProperties.swift */,
			);
			path = DATA;
			sourceTree = "<group>";
		};
		AFF940831FD880C800E78E4A /* Objects */ = {
			isa = PBXGroup;
			children = (
				AFF9407C1FD87CA100E78E4A /* Base1.swift */,
				AFCA47481FD87B1F00AED17C /* User.swift */,
				AF4A5C5D1FD9C25300204285 /* InjectionStation.swift */,
				AF4A5C5F1FD9C28900204285 /* TermicideType.swift */,
				AFBD5F871FE8283200DB1CA9 /* WorkOrderObject.swift */,
				AF480C2C1FF3F0E1002984CE /* WorkOrderDetail.swift */,
				AF480C2E1FF40E43002984CE /* WorkOrderBrief.swift */,
				AF05E25E1FF836BF003F78A4 /* File.swift */,
			);
			path = Objects;
			sourceTree = "<group>";
		};
		AFF940841FD880E900E78E4A /* Controllers */ = {
			isa = PBXGroup;
			children = (
				AFCA47271FD8782400AED17C /* LoginViewController.swift */,
				AF74D5C71FE013AF0076C259 /* DisclaimerViewController.swift */,
				AFADB1DD1FE2CD0800FB43B3 /* HomeViewController.swift */,
				AF699A431FE9669B00983DB6 /* SupportViewController.swift */,
				AF699A451FE966E500983DB6 /* SettingsViewController.swift */,
				AF699A471FE9670600983DB6 /* TrainingViewController.swift */,
				AF8194F41FE99D0D007786B6 /* OptionTableViewController.swift */,
				AF8194F61FEAA2BA007786B6 /* BaseOptionViewController.swift */,
				AF480C301FF560BB002984CE /* WorkOrderTableViewCell.swift */,
				AF05E25A1FF56956003F78A4 /* WorkOrderList.swift */,
				AFB9C3FA1FFC20AB000A8DA5 /* WorkOrderDetailViewController.swift */,
				AFE205ED1FFFDBAB00959D68 /* WorkOrderDetail1ViewController.swift */,
				AFE205EF1FFFE60000959D68 /* WorkOrderDetailTableViewController.swift */,
				AF5E361A1FFFECCB0041A296 /* WorkOrderDetailTableViewCell.swift */,
				AFDD01FC20037627004A3556 /* AnotherWorderDetailTableViewCell.swift */,
				AFDD01FE200376A9004A3556 /* WorkOrderDetailHoldAndCompTableViewController.swift */,
				AFDD02002003D3D0004A3556 /* WorkDetailScreenTableViewController.swift */,
				AFDD02022003D3EA004A3556 /* WorkDetailHoldAndCompleteTableViewController.swift */,
				AFDD02042003D463004A3556 /* WorkDetailTableViewCell.swift */,
				AFDD02062003D48C004A3556 /* WorkDetailHoldAndCompleteTableViewCell.swift */,
				AFDD020820051DE7004A3556 /* ScannableCellTableViewCell.swift */,
			);
			path = Controllers;
			sourceTree = "<group>";
		};
		CCAB51600C1643D22CABBC60 /* Pods */ = {
			isa = PBXGroup;
			children = (
				93FD82FFC3F5B607C40D9E60 /* Pods-TermidorApp.debug.xcconfig */,
				DA60B18722B0066456CE6271 /* Pods-TermidorApp.release.xcconfig */,
			);
			name = Pods;
			sourceTree = "<group>";
		};
/* End PBXGroup section */

/* Begin PBXNativeTarget section */
		AFCA47211FD8782400AED17C /* TermidorApp */ = {
			isa = PBXNativeTarget;
			buildConfigurationList = AFCA47371FD8782400AED17C /* Build configuration list for PBXNativeTarget "TermidorApp" */;
			buildPhases = (
				49F5CDAACF31C3F76D657D55 /* [CP] Check Pods Manifest.lock */,
				AFCA471E1FD8782400AED17C /* Sources */,
				AFCA471F1FD8782400AED17C /* Frameworks */,
				AFCA47201FD8782400AED17C /* Resources */,
				B8BE184F6649CF46A972F631 /* [CP] Embed Pods Frameworks */,
				3D5B77EBD09DDEE756C35FB1 /* [CP] Copy Pods Resources */,
			);
			buildRules = (
			);
			dependencies = (
			);
			name = TermidorApp;
			productName = TermidorApp;
			productReference = AFCA47221FD8782400AED17C /* TermidorApp.app */;
			productType = "com.apple.product-type.application";
		};
/* End PBXNativeTarget section */

/* Begin PBXProject section */
		AFCA471A1FD8782400AED17C /* Project object */ = {
			isa = PBXProject;
			attributes = {
				LastSwiftUpdateCheck = 0910;
				LastUpgradeCheck = 0910;
				ORGANIZATIONNAME = "Subitsah, Sakthi";
				TargetAttributes = {
					AFCA47211FD8782400AED17C = {
						CreatedOnToolsVersion = 9.1;
						LastSwiftMigration = 0920;
						ProvisioningStyle = Automatic;
					};
				};
			};
			buildConfigurationList = AFCA471D1FD8782400AED17C /* Build configuration list for PBXProject "TermidorApp" */;
			compatibilityVersion = "Xcode 8.0";
			developmentRegion = en;
			hasScannedForEncodings = 0;
			knownRegions = (
				en,
				Base,
			);
			mainGroup = AFCA47191FD8782400AED17C;
			productRefGroup = AFCA47231FD8782400AED17C /* Products */;
			projectDirPath = "";
			projectRoot = "";
			targets = (
				AFCA47211FD8782400AED17C /* TermidorApp */,
			);
		};
/* End PBXProject section */

/* Begin PBXResourcesBuildPhase section */
		AFCA47201FD8782400AED17C /* Resources */ = {
			isa = PBXResourcesBuildPhase;
			buildActionMask = 2147483647;
			files = (
				AFCA47331FD8782400AED17C /* LaunchScreen.storyboard in Resources */,
				AFCA47301FD8782400AED17C /* Assets.xcassets in Resources */,
				AFCA472B1FD8782400AED17C /* Main.storyboard in Resources */,
			);
			runOnlyForDeploymentPostprocessing = 0;
		};
/* End PBXResourcesBuildPhase section */

/* Begin PBXShellScriptBuildPhase section */
		3D5B77EBD09DDEE756C35FB1 /* [CP] Copy Pods Resources */ = {
			isa = PBXShellScriptBuildPhase;
			buildActionMask = 2147483647;
			files = (
			);
			inputPaths = (
			);
			name = "[CP] Copy Pods Resources";
			outputPaths = (
			);
			runOnlyForDeploymentPostprocessing = 0;
			shellPath = /bin/sh;
			shellScript = "\"${SRCROOT}/Pods/Target Support Files/Pods-TermidorApp/Pods-TermidorApp-resources.sh\"\n";
			showEnvVarsInLog = 0;
		};
		49F5CDAACF31C3F76D657D55 /* [CP] Check Pods Manifest.lock */ = {
			isa = PBXShellScriptBuildPhase;
			buildActionMask = 2147483647;
			files = (
			);
			inputPaths = (
				"${PODS_PODFILE_DIR_PATH}/Podfile.lock",
				"${PODS_ROOT}/Manifest.lock",
			);
			name = "[CP] Check Pods Manifest.lock";
			outputPaths = (
				"$(DERIVED_FILE_DIR)/Pods-TermidorApp-checkManifestLockResult.txt",
			);
			runOnlyForDeploymentPostprocessing = 0;
			shellPath = /bin/sh;
			shellScript = "diff \"${PODS_PODFILE_DIR_PATH}/Podfile.lock\" \"${PODS_ROOT}/Manifest.lock\" > /dev/null\nif [ $? != 0 ] ; then\n    # print error to STDERR\n    echo \"error: The sandbox is not in sync with the Podfile.lock. Run 'pod install' or update your CocoaPods installation.\" >&2\n    exit 1\nfi\n# This output is used by Xcode 'outputs' to avoid re-running this script phase.\necho \"SUCCESS\" > \"${SCRIPT_OUTPUT_FILE_0}\"\n";
			showEnvVarsInLog = 0;
		};
		B8BE184F6649CF46A972F631 /* [CP] Embed Pods Frameworks */ = {
			isa = PBXShellScriptBuildPhase;
			buildActionMask = 2147483647;
			files = (
			);
			inputPaths = (
				"${SRCROOT}/Pods/Target Support Files/Pods-TermidorApp/Pods-TermidorApp-frameworks.sh",
				"${BUILT_PRODUCTS_DIR}/Alamofire/Alamofire.framework",
				"${BUILT_PRODUCTS_DIR}/BEMCheckBox/BEMCheckBox.framework",
				"${BUILT_PRODUCTS_DIR}/MBProgressHUD/MBProgressHUD.framework",
				"${BUILT_PRODUCTS_DIR}/RNCryptor/RNCryptor.framework",
				"${BUILT_PRODUCTS_DIR}/SVProgressHUD/SVProgressHUD.framework",
				"${BUILT_PRODUCTS_DIR}/SwiftKeychainWrapper/SwiftKeychainWrapper.framework",
				"${BUILT_PRODUCTS_DIR}/SwiftyBluetooth/SwiftyBluetooth.framework",
				"${BUILT_PRODUCTS_DIR}/SwiftyJSON/SwiftyJSON.framework",
				"${BUILT_PRODUCTS_DIR}/Toast-Swift/Toast_Swift.framework",
			);
			name = "[CP] Embed Pods Frameworks";
			outputPaths = (
				"${TARGET_BUILD_DIR}/${FRAMEWORKS_FOLDER_PATH}/Alamofire.framework",
				"${TARGET_BUILD_DIR}/${FRAMEWORKS_FOLDER_PATH}/BEMCheckBox.framework",
				"${TARGET_BUILD_DIR}/${FRAMEWORKS_FOLDER_PATH}/MBProgressHUD.framework",
				"${TARGET_BUILD_DIR}/${FRAMEWORKS_FOLDER_PATH}/RNCryptor.framework",
				"${TARGET_BUILD_DIR}/${FRAMEWORKS_FOLDER_PATH}/SVProgressHUD.framework",
				"${TARGET_BUILD_DIR}/${FRAMEWORKS_FOLDER_PATH}/SwiftKeychainWrapper.framework",
				"${TARGET_BUILD_DIR}/${FRAMEWORKS_FOLDER_PATH}/SwiftyBluetooth.framework",
				"${TARGET_BUILD_DIR}/${FRAMEWORKS_FOLDER_PATH}/SwiftyJSON.framework",
				"${TARGET_BUILD_DIR}/${FRAMEWORKS_FOLDER_PATH}/Toast_Swift.framework",
			);
			runOnlyForDeploymentPostprocessing = 0;
			shellPath = /bin/sh;
			shellScript = "\"${SRCROOT}/Pods/Target Support Files/Pods-TermidorApp/Pods-TermidorApp-frameworks.sh\"\n";
			showEnvVarsInLog = 0;
		};
/* End PBXShellScriptBuildPhase section */

/* Begin PBXSourcesBuildPhase section */
		AFCA471E1FD8782400AED17C /* Sources */ = {
			isa = PBXSourcesBuildPhase;
			buildActionMask = 2147483647;
			files = (
				AF74D5C81FE013AF0076C259 /* DisclaimerViewController.swift in Sources */,
				AFCA47431FD87ABC00AED17C /* InjectionStation+CoreDataProperties.swift in Sources */,
				AFDD02032003D3EA004A3556 /* WorkDetailHoldAndCompleteTableViewController.swift in Sources */,
				AFCA47401FD87ABC00AED17C /* TermicideType+CoreDataClass.swift in Sources */,
				AF8194F71FEAA2BA007786B6 /* BaseOptionViewController.swift in Sources */,
				AF062F361FE8353C00CAFA63 /* WorkOrder+CoreDataProperties.swift in Sources */,
				AFCA47411FD87ABC00AED17C /* TermicideType+CoreDataProperties.swift in Sources */,
				AFB9C3F91FFC1D52000A8DA5 /* Button.swift in Sources */,
				AFF940791FD87C3000E78E4A /* BASF_Service.swift in Sources */,
				AFCA47281FD8782400AED17C /* LoginViewController.swift in Sources */,
				AFCA47441FD87ABC00AED17C /* UserData+CoreDataClass.swift in Sources */,
				AF4A5C601FD9C28900204285 /* TermicideType.swift in Sources */,
				AF699A421FE94D2E00983DB6 /* GradientView.swift in Sources */,
				AFF9407D1FD87CA100E78E4A /* Base1.swift in Sources */,
				AF699A3E1FE8551300983DB6 /* SWRevealViewController.m in Sources */,
				AF5E361B1FFFECCB0041A296 /* WorkOrderDetailTableViewCell.swift in Sources */,
				AF699A441FE9669B00983DB6 /* SupportViewController.swift in Sources */,
				AF74D5C31FDEC75F0076C259 /* InsertTextField.swift in Sources */,
				AF4A5C5E1FD9C25300204285 /* InjectionStation.swift in Sources */,
				AFF9407F1FD87CED00E78E4A /* CoreDataStack.swift in Sources */,
				AFDD01FD20037627004A3556 /* AnotherWorderDetailTableViewCell.swift in Sources */,
				AFCA47261FD8782400AED17C /* AppDelegate.swift in Sources */,
				AF05E25B1FF56956003F78A4 /* WorkOrderList.swift in Sources */,
				AF8194F51FE99D0D007786B6 /* OptionTableViewController.swift in Sources */,
				AFDD020920051DE7004A3556 /* ScannableCellTableViewCell.swift in Sources */,
				AFDD02012003D3D0004A3556 /* WorkDetailScreenTableViewController.swift in Sources */,
				AFB9C3FB1FFC20AB000A8DA5 /* WorkOrderDetailViewController.swift in Sources */,
				AF699A481FE9670600983DB6 /* TrainingViewController.swift in Sources */,
				AF480C311FF560BB002984CE /* WorkOrderTableViewCell.swift in Sources */,
				AFF9407B1FD87C6F00E78E4A /* Url.swift in Sources */,
				AFDD02052003D463004A3556 /* WorkDetailTableViewCell.swift in Sources */,
				AFDD02072003D48C004A3556 /* WorkDetailHoldAndCompleteTableViewCell.swift in Sources */,
				AF480C2F1FF40E43002984CE /* WorkOrderBrief.swift in Sources */,
				AFADB1DE1FE2CD0800FB43B3 /* HomeViewController.swift in Sources */,
				AFCA47451FD87ABC00AED17C /* UserData+CoreDataProperties.swift in Sources */,
				AFDD01FF200376A9004A3556 /* WorkOrderDetailHoldAndCompTableViewController.swift in Sources */,
				AFCA47421FD87ABC00AED17C /* InjectionStation+CoreDataClass.swift in Sources */,
				AF699A461FE966E500983DB6 /* SettingsViewController.swift in Sources */,
				AFCA47491FD87B1F00AED17C /* User.swift in Sources */,
				AF05E25F1FF836BF003F78A4 /* File.swift in Sources */,
				AFE205EE1FFFDBAB00959D68 /* WorkOrderDetail1ViewController.swift in Sources */,
				AFCA472E1FD8782400AED17C /* TermidorApp.xcdatamodeld in Sources */,
				AFE205F01FFFE60100959D68 /* WorkOrderDetailTableViewController.swift in Sources */,
				AFBD5F881FE8283200DB1CA9 /* WorkOrderObject.swift in Sources */,
				AF062F351FE8353C00CAFA63 /* WorkOrder+CoreDataClass.swift in Sources */,
				AF480C2D1FF3F0E1002984CE /* WorkOrderDetail.swift in Sources */,
			);
			runOnlyForDeploymentPostprocessing = 0;
		};
/* End PBXSourcesBuildPhase section */

/* Begin PBXVariantGroup section */
		AFCA47291FD8782400AED17C /* Main.storyboard */ = {
			isa = PBXVariantGroup;
			children = (
				AFCA472A1FD8782400AED17C /* Base */,
			);
			name = Main.storyboard;
			sourceTree = "<group>";
		};
		AFCA47311FD8782400AED17C /* LaunchScreen.storyboard */ = {
			isa = PBXVariantGroup;
			children = (
				AFCA47321FD8782400AED17C /* Base */,
			);
			name = LaunchScreen.storyboard;
			sourceTree = "<group>";
		};
/* End PBXVariantGroup section */

/* Begin XCBuildConfiguration section */
		AFCA47351FD8782400AED17C /* Debug */ = {
			isa = XCBuildConfiguration;
			buildSettings = {
				ALWAYS_SEARCH_USER_PATHS = NO;
				CLANG_ANALYZER_NONNULL = YES;
				CLANG_ANALYZER_NUMBER_OBJECT_CONVERSION = YES_AGGRESSIVE;
				CLANG_CXX_LANGUAGE_STANDARD = "gnu++14";
				CLANG_CXX_LIBRARY = "libc++";
				CLANG_ENABLE_MODULES = YES;
				CLANG_ENABLE_OBJC_ARC = YES;
				CLANG_WARN_BLOCK_CAPTURE_AUTORELEASING = YES;
				CLANG_WARN_BOOL_CONVERSION = YES;
				CLANG_WARN_COMMA = YES;
				CLANG_WARN_CONSTANT_CONVERSION = YES;
				CLANG_WARN_DIRECT_OBJC_ISA_USAGE = YES_ERROR;
				CLANG_WARN_DOCUMENTATION_COMMENTS = YES;
				CLANG_WARN_EMPTY_BODY = YES;
				CLANG_WARN_ENUM_CONVERSION = YES;
				CLANG_WARN_INFINITE_RECURSION = YES;
				CLANG_WARN_INT_CONVERSION = YES;
				CLANG_WARN_NON_LITERAL_NULL_CONVERSION = YES;
				CLANG_WARN_OBJC_LITERAL_CONVERSION = YES;
				CLANG_WARN_OBJC_ROOT_CLASS = YES_ERROR;
				CLANG_WARN_RANGE_LOOP_ANALYSIS = YES;
				CLANG_WARN_STRICT_PROTOTYPES = YES;
				CLANG_WARN_SUSPICIOUS_MOVE = YES;
				CLANG_WARN_UNGUARDED_AVAILABILITY = YES_AGGRESSIVE;
				CLANG_WARN_UNREACHABLE_CODE = YES;
				CLANG_WARN__DUPLICATE_METHOD_MATCH = YES;
				CODE_SIGN_IDENTITY = "iPhone Developer";
				COPY_PHASE_STRIP = NO;
				DEBUG_INFORMATION_FORMAT = dwarf;
				ENABLE_STRICT_OBJC_MSGSEND = YES;
				ENABLE_TESTABILITY = YES;
				GCC_C_LANGUAGE_STANDARD = gnu11;
				GCC_DYNAMIC_NO_PIC = NO;
				GCC_NO_COMMON_BLOCKS = YES;
				GCC_OPTIMIZATION_LEVEL = 0;
				GCC_PREPROCESSOR_DEFINITIONS = (
					"DEBUG=1",
					"$(inherited)",
				);
				GCC_WARN_64_TO_32_BIT_CONVERSION = YES;
				GCC_WARN_ABOUT_RETURN_TYPE = YES_ERROR;
				GCC_WARN_UNDECLARED_SELECTOR = YES;
				GCC_WARN_UNINITIALIZED_AUTOS = YES_AGGRESSIVE;
				GCC_WARN_UNUSED_FUNCTION = YES;
				GCC_WARN_UNUSED_VARIABLE = YES;
				IPHONEOS_DEPLOYMENT_TARGET = 11.1;
				MTL_ENABLE_DEBUG_INFO = YES;
				ONLY_ACTIVE_ARCH = YES;
				SDKROOT = iphoneos;
				SWIFT_ACTIVE_COMPILATION_CONDITIONS = DEBUG;
				SWIFT_OPTIMIZATION_LEVEL = "-Onone";
			};
			name = Debug;
		};
		AFCA47361FD8782400AED17C /* Release */ = {
			isa = XCBuildConfiguration;
			buildSettings = {
				ALWAYS_SEARCH_USER_PATHS = NO;
				CLANG_ANALYZER_NONNULL = YES;
				CLANG_ANALYZER_NUMBER_OBJECT_CONVERSION = YES_AGGRESSIVE;
				CLANG_CXX_LANGUAGE_STANDARD = "gnu++14";
				CLANG_CXX_LIBRARY = "libc++";
				CLANG_ENABLE_MODULES = YES;
				CLANG_ENABLE_OBJC_ARC = YES;
				CLANG_WARN_BLOCK_CAPTURE_AUTORELEASING = YES;
				CLANG_WARN_BOOL_CONVERSION = YES;
				CLANG_WARN_COMMA = YES;
				CLANG_WARN_CONSTANT_CONVERSION = YES;
				CLANG_WARN_DIRECT_OBJC_ISA_USAGE = YES_ERROR;
				CLANG_WARN_DOCUMENTATION_COMMENTS = YES;
				CLANG_WARN_EMPTY_BODY = YES;
				CLANG_WARN_ENUM_CONVERSION = YES;
				CLANG_WARN_INFINITE_RECURSION = YES;
				CLANG_WARN_INT_CONVERSION = YES;
				CLANG_WARN_NON_LITERAL_NULL_CONVERSION = YES;
				CLANG_WARN_OBJC_LITERAL_CONVERSION = YES;
				CLANG_WARN_OBJC_ROOT_CLASS = YES_ERROR;
				CLANG_WARN_RANGE_LOOP_ANALYSIS = YES;
				CLANG_WARN_STRICT_PROTOTYPES = YES;
				CLANG_WARN_SUSPICIOUS_MOVE = YES;
				CLANG_WARN_UNGUARDED_AVAILABILITY = YES_AGGRESSIVE;
				CLANG_WARN_UNREACHABLE_CODE = YES;
				CLANG_WARN__DUPLICATE_METHOD_MATCH = YES;
				CODE_SIGN_IDENTITY = "iPhone Developer";
				COPY_PHASE_STRIP = NO;
				DEBUG_INFORMATION_FORMAT = "dwarf-with-dsym";
				ENABLE_NS_ASSERTIONS = NO;
				ENABLE_STRICT_OBJC_MSGSEND = YES;
				GCC_C_LANGUAGE_STANDARD = gnu11;
				GCC_NO_COMMON_BLOCKS = YES;
				GCC_WARN_64_TO_32_BIT_CONVERSION = YES;
				GCC_WARN_ABOUT_RETURN_TYPE = YES_ERROR;
				GCC_WARN_UNDECLARED_SELECTOR = YES;
				GCC_WARN_UNINITIALIZED_AUTOS = YES_AGGRESSIVE;
				GCC_WARN_UNUSED_FUNCTION = YES;
				GCC_WARN_UNUSED_VARIABLE = YES;
				IPHONEOS_DEPLOYMENT_TARGET = 11.1;
				MTL_ENABLE_DEBUG_INFO = NO;
				SDKROOT = iphoneos;
				SWIFT_OPTIMIZATION_LEVEL = "-Owholemodule";
				VALIDATE_PRODUCT = YES;
			};
			name = Release;
		};
		AFCA47381FD8782400AED17C /* Debug */ = {
			isa = XCBuildConfiguration;
			baseConfigurationReference = 93FD82FFC3F5B607C40D9E60 /* Pods-TermidorApp.debug.xcconfig */;
			buildSettings = {
				ASSETCATALOG_COMPILER_APPICON_NAME = AppIcon;
				CLANG_ENABLE_MODULES = YES;
				CODE_SIGN_STYLE = Automatic;
				DEVELOPMENT_TEAM = C3NEV7QGRF;
				INFOPLIST_FILE = TermidorApp/Info.plist;
				IPHONEOS_DEPLOYMENT_TARGET = 10.1;
				LD_RUNPATH_SEARCH_PATHS = "$(inherited) @executable_path/Frameworks";
				PRODUCT_BUNDLE_IDENTIFIER = com.wunderman.TermidorApp;
				PRODUCT_NAME = "$(TARGET_NAME)";
				SWIFT_OBJC_BRIDGING_HEADER = "TermidorApp/SupportingFiles/TermidorApp-Bridging-Header.h";
				SWIFT_OPTIMIZATION_LEVEL = "-Onone";
				SWIFT_VERSION = 4.0;
				TARGETED_DEVICE_FAMILY = 1;
			};
			name = Debug;
		};
		AFCA47391FD8782400AED17C /* Release */ = {
			isa = XCBuildConfiguration;
			baseConfigurationReference = DA60B18722B0066456CE6271 /* Pods-TermidorApp.release.xcconfig */;
			buildSettings = {
				ASSETCATALOG_COMPILER_APPICON_NAME = AppIcon;
				CLANG_ENABLE_MODULES = YES;
				CODE_SIGN_STYLE = Automatic;
				DEVELOPMENT_TEAM = C3NEV7QGRF;
				INFOPLIST_FILE = TermidorApp/Info.plist;
				IPHONEOS_DEPLOYMENT_TARGET = 10.1;
				LD_RUNPATH_SEARCH_PATHS = "$(inherited) @executable_path/Frameworks";
				PRODUCT_BUNDLE_IDENTIFIER = com.wunderman.TermidorApp;
				PRODUCT_NAME = "$(TARGET_NAME)";
				SWIFT_OBJC_BRIDGING_HEADER = "TermidorApp/SupportingFiles/TermidorApp-Bridging-Header.h";
				SWIFT_VERSION = 4.0;
				TARGETED_DEVICE_FAMILY = 1;
			};
			name = Release;
		};
/* End XCBuildConfiguration section */

/* Begin XCConfigurationList section */
		AFCA471D1FD8782400AED17C /* Build configuration list for PBXProject "TermidorApp" */ = {
			isa = XCConfigurationList;
			buildConfigurations = (
				AFCA47351FD8782400AED17C /* Debug */,
				AFCA47361FD8782400AED17C /* Release */,
			);
			defaultConfigurationIsVisible = 0;
			defaultConfigurationName = Release;
		};
		AFCA47371FD8782400AED17C /* Build configuration list for PBXNativeTarget "TermidorApp" */ = {
			isa = XCConfigurationList;
			buildConfigurations = (
				AFCA47381FD8782400AED17C /* Debug */,
				AFCA47391FD8782400AED17C /* Release */,
			);
			defaultConfigurationIsVisible = 0;
			defaultConfigurationName = Release;
		};
/* End XCConfigurationList section */

/* Begin XCVersionGroup section */
		AFCA472C1FD8782400AED17C /* TermidorApp.xcdatamodeld */ = {
			isa = XCVersionGroup;
			children = (
				AFCA472D1FD8782400AED17C /* TermidorApp.xcdatamodel */,
			);
			currentVersion = AFCA472D1FD8782400AED17C /* TermidorApp.xcdatamodel */;
			path = TermidorApp.xcdatamodeld;
			sourceTree = "<group>";
			versionGroupType = wrapper.xcdatamodel;
		};
/* End XCVersionGroup section */
	};
	rootObject = AFCA471A1FD8782400AED17C /* Project object */;
}
