// !$*UTF8*$!
{
	archiveVersion = 1;
	classes = {
	};
	objectVersion = 48;
	objects = {

/* Begin PBXBuildFile section */
		AFCA47261FD8782400AED17C /* AppDelegate.swift in Sources */ = {isa = PBXBuildFile; fileRef = AFCA47251FD8782400AED17C /* AppDelegate.swift */; };
		AFCA47281FD8782400AED17C /* ViewController.swift in Sources */ = {isa = PBXBuildFile; fileRef = AFCA47271FD8782400AED17C /* ViewController.swift */; };
		AFCA472B1FD8782400AED17C /* Main.storyboard in Resources */ = {isa = PBXBuildFile; fileRef = AFCA47291FD8782400AED17C /* Main.storyboard */; };
		AFCA472E1FD8782400AED17C /* TermidorApp.xcdatamodeld in Sources */ = {isa = PBXBuildFile; fileRef = AFCA472C1FD8782400AED17C /* TermidorApp.xcdatamodeld */; };
		AFCA47301FD8782400AED17C /* Assets.xcassets in Resources */ = {isa = PBXBuildFile; fileRef = AFCA472F1FD8782400AED17C /* Assets.xcassets */; };
		AFCA47331FD8782400AED17C /* LaunchScreen.storyboard in Resources */ = {isa = PBXBuildFile; fileRef = AFCA47311FD8782400AED17C /* LaunchScreen.storyboard */; };
/* End PBXBuildFile section */

/* Begin PBXFileReference section */
		AFCA47221FD8782400AED17C /* TermidorApp.app */ = {isa = PBXFileReference; explicitFileType = wrapper.application; includeInIndex = 0; path = TermidorApp.app; sourceTree = BUILT_PRODUCTS_DIR; };
		AFCA47251FD8782400AED17C /* AppDelegate.swift */ = {isa = PBXFileReference; lastKnownFileType = sourcecode.swift; path = AppDelegate.swift; sourceTree = "<group>"; };
		AFCA47271FD8782400AED17C /* ViewController.swift */ = {isa = PBXFileReference; lastKnownFileType = sourcecode.swift; path = ViewController.swift; sourceTree = "<group>"; };
		AFCA472A1FD8782400AED17C /* Base */ = {isa = PBXFileReference; lastKnownFileType = file.storyboard; name = Base; path = Base.lproj/Main.storyboard; sourceTree = "<group>"; };
		AFCA472D1FD8782400AED17C /* TermidorApp.xcdatamodel */ = {isa = PBXFileReference; lastKnownFileType = wrapper.xcdatamodel; path = TermidorApp.xcdatamodel; sourceTree = "<group>"; };
		AFCA472F1FD8782400AED17C /* Assets.xcassets */ = {isa = PBXFileReference; lastKnownFileType = folder.assetcatalog; path = Assets.xcassets; sourceTree = "<group>"; };
		AFCA47321FD8782400AED17C /* Base */ = {isa = PBXFileReference; lastKnownFileType = file.storyboard; name = Base; path = Base.lproj/LaunchScreen.storyboard; sourceTree = "<group>"; };
		AFCA47341FD8782400AED17C /* Info.plist */ = {isa = PBXFileReference; lastKnownFileType = text.plist.xml; path = Info.plist; sourceTree = "<group>"; };
/* End PBXFileReference section */

/* Begin PBXFrameworksBuildPhase section */
		AFCA471F1FD8782400AED17C /* Frameworks */ = {
			isa = PBXFrameworksBuildPhase;
			buildActionMask = 2147483647;
			files = (
			);
			runOnlyForDeploymentPostprocessing = 0;
		};
/* End PBXFrameworksBuildPhase section */

/* Begin PBXGroup section */
		AFCA47191FD8782400AED17C = {
			isa = PBXGroup;
			children = (
				AFCA47241FD8782400AED17C /* TermidorApp */,
				AFCA47231FD8782400AED17C /* Products */,
			);
			sourceTree = "<group>";
		};
		AFCA47231FD8782400AED17C /* Products */ = {
			isa = PBXGroup;
			children = (
				AFCA47221FD8782400AED17C /* TermidorApp.app */,
			);
			name = Products;
			sourceTree = "<group>";
		};
		AFCA47241FD8782400AED17C /* TermidorApp */ = {
			isa = PBXGroup;
			children = (
				AFCA47251FD8782400AED17C /* AppDelegate.swift */,
				AFCA47271FD8782400AED17C /* ViewController.swift */,
				AFCA47291FD8782400AED17C /* Main.storyboard */,
				AFCA472F1FD8782400AED17C /* Assets.xcassets */,
				AFCA47311FD8782400AED17C /* LaunchScreen.storyboard */,
				AFCA47341FD8782400AED17C /* Info.plist */,
				AFCA472C1FD8782400AED17C /* TermidorApp.xcdatamodeld */,
			);
			path = TermidorApp;
			sourceTree = "<group>";
		};
/* End PBXGroup section */

/* Begin PBXNativeTarget section */
		AFCA47211FD8782400AED17C /* TermidorApp */ = {
			isa = PBXNativeTarget;
			buildConfigurationList = AFCA47371FD8782400AED17C /* Build configuration list for PBXNativeTarget "TermidorApp" */;
			buildPhases = (
				AFCA471E1FD8782400AED17C /* Sources */,
				AFCA471F1FD8782400AED17C /* Frameworks */,
				AFCA47201FD8782400AED17C /* Resources */,
			);
			buildRules = (
			);
			dependencies = (
			);
			name = TermidorApp;
			productName = TermidorApp;
			productReference = AFCA47221FD8782400AED17C /* TermidorApp.app */;
			productType = "com.apple.product-type.application";
		};
/* End PBXNativeTarget section */

/* Begin PBXProject section */
		AFCA471A1FD8782400AED17C /* Project object */ = {
			isa = PBXProject;
			attributes = {
				LastSwiftUpdateCheck = 0910;
				LastUpgradeCheck = 0910;
				ORGANIZATIONNAME = "Subitsah, Sakthi";
				TargetAttributes = {
					AFCA47211FD8782400AED17C = {
						CreatedOnToolsVersion = 9.1;
						ProvisioningStyle = Automatic;
					};
				};
			};
			buildConfigurationList = AFCA471D1FD8782400AED17C /* Build configuration list for PBXProject "TermidorApp" */;
			compatibilityVersion = "Xcode 8.0";
			developmentRegion = en;
			hasScannedForEncodings = 0;
			knownRegions = (
				en,
				Base,
			);
			mainGroup = AFCA47191FD8782400AED17C;
			productRefGroup = AFCA47231FD8782400AED17C /* Products */;
			projectDirPath = "";
			projectRoot = "";
			targets = (
				AFCA47211FD8782400AED17C /* TermidorApp */,
			);
		};
/* End PBXProject section */

/* Begin PBXResourcesBuildPhase section */
		AFCA47201FD8782400AED17C /* Resources */ = {
			isa = PBXResourcesBuildPhase;
			buildActionMask = 2147483647;
			files = (
				AFCA47331FD8782400AED17C /* LaunchScreen.storyboard in Resources */,
				AFCA47301FD8782400AED17C /* Assets.xcassets in Resources */,
				AFCA472B1FD8782400AED17C /* Main.storyboard in Resources */,
			);
			runOnlyForDeploymentPostprocessing = 0;
		};
/* End PBXResourcesBuildPhase section */

/* Begin PBXSourcesBuildPhase section */
		AFCA471E1FD8782400AED17C /* Sources */ = {
			isa = PBXSourcesBuildPhase;
			buildActionMask = 2147483647;
			files = (
				AFCA47281FD8782400AED17C /* ViewController.swift in Sources */,
				AFCA47261FD8782400AED17C /* AppDelegate.swift in Sources */,
				AFCA472E1FD8782400AED17C /* TermidorApp.xcdatamodeld in Sources */,
			);
			runOnlyForDeploymentPostprocessing = 0;
		};
/* End PBXSourcesBuildPhase section */

/* Begin PBXVariantGroup section */
		AFCA47291FD8782400AED17C /* Main.storyboard */ = {
			isa = PBXVariantGroup;
			children = (
				AFCA472A1FD8782400AED17C /* Base */,
			);
			name = Main.storyboard;
			sourceTree = "<group>";
		};
		AFCA47311FD8782400AED17C /* LaunchScreen.storyboard */ = {
			isa = PBXVariantGroup;
			children = (
				AFCA47321FD8782400AED17C /* Base */,
			);
			name = LaunchScreen.storyboard;
			sourceTree = "<group>";
		};
/* End PBXVariantGroup section */

/* Begin XCBuildConfiguration section */
		AFCA47351FD8782400AED17C /* Debug */ = {
			isa = XCBuildConfiguration;
			buildSettings = {
				ALWAYS_SEARCH_USER_PATHS = NO;
				CLANG_ANALYZER_NONNULL = YES;
				CLANG_ANALYZER_NUMBER_OBJECT_CONVERSION = YES_AGGRESSIVE;
				CLANG_CXX_LANGUAGE_STANDARD = "gnu++14";
				CLANG_CXX_LIBRARY = "libc++";
				CLANG_ENABLE_MODULES = YES;
				CLANG_ENABLE_OBJC_ARC = YES;
				CLANG_WARN_BLOCK_CAPTURE_AUTORELEASING = YES;
				CLANG_WARN_BOOL_CONVERSION = YES;
				CLANG_WARN_COMMA = YES;
				CLANG_WARN_CONSTANT_CONVERSION = YES;
				CLANG_WARN_DIRECT_OBJC_ISA_USAGE = YES_ERROR;
				CLANG_WARN_DOCUMENTATION_COMMENTS = YES;
				CLANG_WARN_EMPTY_BODY = YES;
				CLANG_WARN_ENUM_CONVERSION = YES;
				CLANG_WARN_INFINITE_RECURSION = YES;
				CLANG_WARN_INT_CONVERSION = YES;
				CLANG_WARN_NON_LITERAL_NULL_CONVERSION = YES;
				CLANG_WARN_OBJC_LITERAL_CONVERSION = YES;
				CLANG_WARN_OBJC_ROOT_CLASS = YES_ERROR;
				CLANG_WARN_RANGE_LOOP_ANALYSIS = YES;
				CLANG_WARN_STRICT_PROTOTYPES = YES;
				CLANG_WARN_SUSPICIOUS_MOVE = YES;
				CLANG_WARN_UNGUARDED_AVAILABILITY = YES_AGGRESSIVE;
				CLANG_WARN_UNREACHABLE_CODE = YES;
				CLANG_WARN__DUPLICATE_METHOD_MATCH = YES;
				CODE_SIGN_IDENTITY = "iPhone Developer";
				COPY_PHASE_STRIP = NO;
				DEBUG_INFORMATION_FORMAT = dwarf;
				ENABLE_STRICT_OBJC_MSGSEND = YES;
				ENABLE_TESTABILITY = YES;
				GCC_C_LANGUAGE_STANDARD = gnu11;
				GCC_DYNAMIC_NO_PIC = NO;
				GCC_NO_COMMON_BLOCKS = YES;
				GCC_OPTIMIZATION_LEVEL = 0;
				GCC_PREPROCESSOR_DEFINITIONS = (
					"DEBUG=1",
					"$(inherited)",
				);
				GCC_WARN_64_TO_32_BIT_CONVERSION = YES;
				GCC_WARN_ABOUT_RETURN_TYPE = YES_ERROR;
				GCC_WARN_UNDECLARED_SELECTOR = YES;
				GCC_WARN_UNINITIALIZED_AUTOS = YES_AGGRESSIVE;
				GCC_WARN_UNUSED_FUNCTION = YES;
				GCC_WARN_UNUSED_VARIABLE = YES;
				IPHONEOS_DEPLOYMENT_TARGET = 11.1;
				MTL_ENABLE_DEBUG_INFO = YES;
				ONLY_ACTIVE_ARCH = YES;
				SDKROOT = iphoneos;
				SWIFT_ACTIVE_COMPILATION_CONDITIONS = DEBUG;
				SWIFT_OPTIMIZATION_LEVEL = "-Onone";
			};
			name = Debug;
		};
		AFCA47361FD8782400AED17C /* Release */ = {
			isa = XCBuildConfiguration;
			buildSettings = {
				ALWAYS_SEARCH_USER_PATHS = NO;
				CLANG_ANALYZER_NONNULL = YES;
				CLANG_ANALYZER_NUMBER_OBJECT_CONVERSION = YES_AGGRESSIVE;
				CLANG_CXX_LANGUAGE_STANDARD = "gnu++14";
				CLANG_CXX_LIBRARY = "libc++";
				CLANG_ENABLE_MODULES = YES;
				CLANG_ENABLE_OBJC_ARC = YES;
				CLANG_WARN_BLOCK_CAPTURE_AUTORELEASING = YES;
				CLANG_WARN_BOOL_CONVERSION = YES;
				CLANG_WARN_COMMA = YES;
				CLANG_WARN_CONSTANT_CONVERSION = YES;
				CLANG_WARN_DIRECT_OBJC_ISA_USAGE = YES_ERROR;
				CLANG_WARN_DOCUMENTATION_COMMENTS = YES;
				CLANG_WARN_EMPTY_BODY = YES;
				CLANG_WARN_ENUM_CONVERSION = YES;
				CLANG_WARN_INFINITE_RECURSION = YES;
				CLANG_WARN_INT_CONVERSION = YES;
				CLANG_WARN_NON_LITERAL_NULL_CONVERSION = YES;
				CLANG_WARN_OBJC_LITERAL_CONVERSION = YES;
				CLANG_WARN_OBJC_ROOT_CLASS = YES_ERROR;
				CLANG_WARN_RANGE_LOOP_ANALYSIS = YES;
				CLANG_WARN_STRICT_PROTOTYPES = YES;
				CLANG_WARN_SUSPICIOUS_MOVE = YES;
				CLANG_WARN_UNGUARDED_AVAILABILITY = YES_AGGRESSIVE;
				CLANG_WARN_UNREACHABLE_CODE = YES;
				CLANG_WARN__DUPLICATE_METHOD_MATCH = YES;
				CODE_SIGN_IDENTITY = "iPhone Developer";
				COPY_PHASE_STRIP = NO;
				DEBUG_INFORMATION_FORMAT = "dwarf-with-dsym";
				ENABLE_NS_ASSERTIONS = NO;
				ENABLE_STRICT_OBJC_MSGSEND = YES;
				GCC_C_LANGUAGE_STANDARD = gnu11;
				GCC_NO_COMMON_BLOCKS = YES;
				GCC_WARN_64_TO_32_BIT_CONVERSION = YES;
				GCC_WARN_ABOUT_RETURN_TYPE = YES_ERROR;
				GCC_WARN_UNDECLARED_SELECTOR = YES;
				GCC_WARN_UNINITIALIZED_AUTOS = YES_AGGRESSIVE;
				GCC_WARN_UNUSED_FUNCTION = YES;
				GCC_WARN_UNUSED_VARIABLE = YES;
				IPHONEOS_DEPLOYMENT_TARGET = 11.1;
				MTL_ENABLE_DEBUG_INFO = NO;
				SDKROOT = iphoneos;
				SWIFT_OPTIMIZATION_LEVEL = "-Owholemodule";
				VALIDATE_PRODUCT = YES;
			};
			name = Release;
		};
		AFCA47381FD8782400AED17C /* Debug */ = {
			isa = XCBuildConfiguration;
			buildSettings = {
				ASSETCATALOG_COMPILER_APPICON_NAME = AppIcon;
				CODE_SIGN_STYLE = Automatic;
				INFOPLIST_FILE = TermidorApp/Info.plist;
				LD_RUNPATH_SEARCH_PATHS = "$(inherited) @executable_path/Frameworks";
				PRODUCT_BUNDLE_IDENTIFIER = com.wunderman.TermidorApp;
				PRODUCT_NAME = "$(TARGET_NAME)";
				SWIFT_VERSION = 4.0;
				TARGETED_DEVICE_FAMILY = "1,2";
			};
			name = Debug;
		};
		AFCA47391FD8782400AED17C /* Release */ = {
			isa = XCBuildConfiguration;
			buildSettings = {
				ASSETCATALOG_COMPILER_APPICON_NAME = AppIcon;
				CODE_SIGN_STYLE = Automatic;
				INFOPLIST_FILE = TermidorApp/Info.plist;
				LD_RUNPATH_SEARCH_PATHS = "$(inherited) @executable_path/Frameworks";
				PRODUCT_BUNDLE_IDENTIFIER = com.wunderman.TermidorApp;
				PRODUCT_NAME = "$(TARGET_NAME)";
				SWIFT_VERSION = 4.0;
				TARGETED_DEVICE_FAMILY = "1,2";
			};
			name = Release;
		};
/* End XCBuildConfiguration section */

/* Begin XCConfigurationList section */
		AFCA471D1FD8782400AED17C /* Build configuration list for PBXProject "TermidorApp" */ = {
			isa = XCConfigurationList;
			buildConfigurations = (
				AFCA47351FD8782400AED17C /* Debug */,
				AFCA47361FD8782400AED17C /* Release */,
			);
			defaultConfigurationIsVisible = 0;
			defaultConfigurationName = Release;
		};
		AFCA47371FD8782400AED17C /* Build configuration list for PBXNativeTarget "TermidorApp" */ = {
			isa = XCConfigurationList;
			buildConfigurations = (
				AFCA47381FD8782400AED17C /* Debug */,
				AFCA47391FD8782400AED17C /* Release */,
			);
			defaultConfigurationIsVisible = 0;
			defaultConfigurationName = Release;
		};
/* End XCConfigurationList section */

/* Begin XCVersionGroup section */
		AFCA472C1FD8782400AED17C /* TermidorApp.xcdatamodeld */ = {
			isa = XCVersionGroup;
			children = (
				AFCA472D1FD8782400AED17C /* TermidorApp.xcdatamodel */,
			);
			currentVersion = AFCA472D1FD8782400AED17C /* TermidorApp.xcdatamodel */;
			path = TermidorApp.xcdatamodeld;
			sourceTree = "<group>";
			versionGroupType = wrapper.xcdatamodel;
		};
/* End XCVersionGroup section */
	};
	rootObject = AFCA471A1FD8782400AED17C /* Project object */;
}
